{
  "name": "test2",
  "version": "1.0.0",
  "lockfileVersion": 3,
  "requires": true,
  "packages": {
    "": {
      "name": "test2",
      "version": "1.0.0",
      "license": "MIT",
      "dependencies": {
        "@permaweb/ao-loader": "^0.0.40"
      }
    },
    "node_modules/@permaweb/ao-loader": {
      "version": "0.0.40",
      "resolved": "https://registry.npmjs.org/@permaweb/ao-loader/-/ao-loader-0.0.40.tgz",
      "integrity": "sha512-Y1FZak6kdFWU8g3Kyzo5qsAqqXHCJNDbtjX5TdDhyDw9TQtHIqtxZ0zVBuVVDQJBDaBbTsC0wWylALg7p8XeSQ==",
      "dependencies": {
        "@permaweb/wasm-metering": "^0.2.2"
      },
      "engines": {
        "node": ">=18"
      }
    },
    "node_modules/@permaweb/wasm-json-toolkit": {
      "version": "0.2.9",
      "resolved": "https://registry.npmjs.org/@permaweb/wasm-json-toolkit/-/wasm-json-toolkit-0.2.9.tgz",
      "integrity": "sha512-CGCeUwS+UeqUdvORiyG0LykkQXLTwS5TWc590CUkDfOYyBUSPv8pse0sJStvTC9LKAzuNx3ELBvmqHCI4muUAA==",
      "license": "MPL-2.0",
      "dependencies": {
        "buffer-pipe": "0.0.3",
        "leb128": "0.0.4",
        "safe-buffer": "^5.1.2"
      },
      "bin": {
        "json2wasm": "bin/json2wasm",
        "wasm2json": "bin/wasm2json"
      }
    },
    "node_modules/@permaweb/wasm-metering": {
      "version": "0.2.2",
      "resolved": "https://registry.npmjs.org/@permaweb/wasm-metering/-/wasm-metering-0.2.2.tgz",
      "integrity": "sha512-xM2MbPkHc4rzhTR6VH5eXtfC+liaYSuNCa0kPRaqSZO2gr1SirJWnzUBDa5VOfTBTgIlIVv5RW+Mkbt/VuK+oA==",
      "license": "MPL-2.0",
      "dependencies": {
        "@permaweb/wasm-json-toolkit": "^0.2.9",
        "leb128": "^0.0.4"
      },
      "bin": {
        "wasm-meter": "bin/wasm-meter"
      }
    },
    "node_modules/bn.js": {
      "version": "4.12.1",
      "resolved": "https://registry.npmjs.org/bn.js/-/bn.js-4.12.1.tgz",
      "integrity": "sha512-k8TVBiPkPJT9uHLdOKfFpqcfprwBFOAAXXozRubr7R7PfIuKvQlzcI4M0pALeqXN09vdaMbUdUj+pass+uULAg==",
      "license": "MIT"
    },
    "node_modules/buffer-pipe": {
      "version": "0.0.3",
      "resolved": "https://registry.npmjs.org/buffer-pipe/-/buffer-pipe-0.0.3.tgz",
      "integrity": "sha512-GlxfuD/NrKvCNs0Ut+7b1IHjylfdegMBxQIlZHj7bObKVQBxB5S84gtm2yu1mQ8/sSggceWBDPY0cPXgvX2MuA==",
      "license": "MPL-2.0",
      "dependencies": {
        "safe-buffer": "^5.1.2"
      }
    },
    "node_modules/leb128": {
      "version": "0.0.4",
      "resolved": "https://registry.npmjs.org/leb128/-/leb128-0.0.4.tgz",
      "integrity": "sha512-2zejk0fCIgY8RVcc/KzvyfpDio5Oo8HgPZmkrOmdwmbk0KpKpgD+JKwikxKk8cZYkANIhwHK50SNukkCm3XkCQ==",
      "license": "MPL-2.0",
      "dependencies": {
        "bn.js": "^4.11.6",
        "buffer-pipe": "0.0.0"
      }
    },
    "node_modules/leb128/node_modules/buffer-pipe": {
      "version": "0.0.0",
      "resolved": "https://registry.npmjs.org/buffer-pipe/-/buffer-pipe-0.0.0.tgz",
      "integrity": "sha512-PvKbsvQOH4dcUyUEvQQSs3CIkkuPcOHt3gKnXwf4HsPKFDxSN7bkmICVIWgOmW/jx/fAEGGn4mIayIJPLs7G8g==",
      "license": "MPL-2.0",
      "dependencies": {
        "safe-buffer": "^5.1.1"
      }
    },
    "node_modules/safe-buffer": {
      "version": "5.2.1",
      "resolved": "https://registry.npmjs.org/safe-buffer/-/safe-buffer-5.2.1.tgz",
      "integrity": "sha512-rp3So07KcdmmKbGvgaNxQSJr7bGVSVk5S9Eq1F+ppbRo70+YeaDxkw5Dd8NPN+GD6bjnYm2VuPuCXmpuYvmCXQ==",
      "funding": [
        {
          "type": "github",
          "url": "https://github.com/sponsors/feross"
        },
        {
          "type": "patreon",
          "url": "https://www.patreon.com/feross"
        },
        {
          "type": "consulting",
          "url": "https://feross.org/support"
        }
      ],
      "license": "MIT"
    }
  }
}
